
Microsoft Visual Studio Solution File, Format Version 12.00
# Visual Studio Version 17
VisualStudioVersion = 17.12.35506.116 d17.12
MinimumVisualStudioVersion = 10.0.40219.1
Project("{2150E333-8FDC-42A3-9474-1A3956D46DE8}") = "Tests", "Tests", "{344D38AE-FCDC-45D8-84B3-B7AC075EB76B}"
EndProject
Project("{2150E333-8FDC-42A3-9474-1A3956D46DE8}") = "Solution Items", "Solution Items", "{C3F7DA78-3B6B-458F-9AC5-809FDF52D846}"
	ProjectSection(SolutionItems) = preProject
		.editorconfig = .editorconfig
	EndProjectSection
EndProject
Project("{FAE04EC0-301F-11D3-BF4B-00C04F79EFBC}") = "HeroesDataParser.Tests", "Tests\HeroesDataParser.Tests\HeroesDataParser.Tests.csproj", "{D5B9F74E-C9B2-4B88-9ABF-16C8FC5F9278}"
EndProject
Project("{FAE04EC0-301F-11D3-BF4B-00C04F79EFBC}") = "HeroesDataParser", "HeroesDataParser\HeroesDataParser.csproj", "{BBC77286-6AC5-437E-AF9D-75E2057A26E3}"
EndProject
Project("{FAE04EC0-301F-11D3-BF4B-00C04F79EFBC}") = "HeroesDataParser.Benchmarks", "HeroesDataParser.Benchmarks\HeroesDataParser.Benchmarks.csproj", "{A6715A73-BDA8-44D8-AF1B-9ADE7C1BB181}"
EndProject
Project("{FAE04EC0-301F-11D3-BF4B-00C04F79EFBC}") = "Heroes.Element", "..\Heroes.Element\Heroes.Element\Heroes.Element.csproj", "{0A47D206-1B30-4439-9E50-C7795FBD5920}"
EndProject
Global
	GlobalSection(SolutionConfigurationPlatforms) = preSolution
		Debug|Any CPU = Debug|Any CPU
		Release|Any CPU = Release|Any CPU
	EndGlobalSection
	GlobalSection(ProjectConfigurationPlatforms) = postSolution
		{D5B9F74E-C9B2-4B88-9ABF-16C8FC5F9278}.Debug|Any CPU.ActiveCfg = Debug|Any CPU
		{D5B9F74E-C9B2-4B88-9ABF-16C8FC5F9278}.Debug|Any CPU.Build.0 = Debug|Any CPU
		{D5B9F74E-C9B2-4B88-9ABF-16C8FC5F9278}.Release|Any CPU.ActiveCfg = Release|Any CPU
		{D5B9F74E-C9B2-4B88-9ABF-16C8FC5F9278}.Release|Any CPU.Build.0 = Release|Any CPU
		{BBC77286-6AC5-437E-AF9D-75E2057A26E3}.Debug|Any CPU.ActiveCfg = Debug|Any CPU
		{BBC77286-6AC5-437E-AF9D-75E2057A26E3}.Debug|Any CPU.Build.0 = Debug|Any CPU
		{BBC77286-6AC5-437E-AF9D-75E2057A26E3}.Release|Any CPU.ActiveCfg = Release|Any CPU
		{BBC77286-6AC5-437E-AF9D-75E2057A26E3}.Release|Any CPU.Build.0 = Release|Any CPU
		{A6715A73-BDA8-44D8-AF1B-9ADE7C1BB181}.Debug|Any CPU.ActiveCfg = Debug|Any CPU
		{A6715A73-BDA8-44D8-AF1B-9ADE7C1BB181}.Debug|Any CPU.Build.0 = Debug|Any CPU
		{A6715A73-BDA8-44D8-AF1B-9ADE7C1BB181}.Release|Any CPU.ActiveCfg = Release|Any CPU
		{A6715A73-BDA8-44D8-AF1B-9ADE7C1BB181}.Release|Any CPU.Build.0 = Release|Any CPU
		{0A47D206-1B30-4439-9E50-C7795FBD5920}.Debug|Any CPU.ActiveCfg = Debug|Any CPU
		{0A47D206-1B30-4439-9E50-C7795FBD5920}.Debug|Any CPU.Build.0 = Debug|Any CPU
		{0A47D206-1B30-4439-9E50-C7795FBD5920}.Release|Any CPU.ActiveCfg = Release|Any CPU
		{0A47D206-1B30-4439-9E50-C7795FBD5920}.Release|Any CPU.Build.0 = Release|Any CPU
	EndGlobalSection
	GlobalSection(SolutionProperties) = preSolution
		HideSolutionNode = FALSE
	EndGlobalSection
	GlobalSection(NestedProjects) = preSolution
		{D5B9F74E-C9B2-4B88-9ABF-16C8FC5F9278} = {344D38AE-FCDC-45D8-84B3-B7AC075EB76B}
	EndGlobalSection
	GlobalSection(ExtensibilityGlobals) = postSolution
		SolutionGuid = {B6BC537F-9CC6-441B-AE64-F0EFF0A467C5}
	EndGlobalSection
EndGlobal
