
Microsoft Visual Studio Solution File, Format Version 12.00
# Visual Studio 15
VisualStudioVersion = 15.0.27428.2005
MinimumVisualStudioVersion = 10.0.40219.1
Project("{9A19103F-16F7-4668-BE54-9A1E7A4F7556}") = "Heroes.Icons.CLI", "Heroes.Icons.CLI\Heroes.Icons.CLI.csproj", "{3BBF6056-07FF-4DCE-99FE-8BC29CC714E3}"
EndProject
Project("{9A19103F-16F7-4668-BE54-9A1E7A4F7556}") = "Heroes.Icons.Parser", "Heroes.Icons.Parser\Heroes.Icons.Parser.csproj", "{A341E0A2-9DFE-4FD8-BD5A-0D903D8A67B6}"
EndProject
Project("{2150E333-8FDC-42A3-9474-1A3956D46DE8}") = "tests", "tests", "{344D38AE-FCDC-45D8-84B3-B7AC075EB76B}"
EndProject
Project("{9A19103F-16F7-4668-BE54-9A1E7A4F7556}") = "Heroes.Icons.FileWriter", "Heroes.Icons.Writer\Heroes.Icons.FileWriter.csproj", "{1A2B9425-0301-47F5-A32D-F0FB84EF7E07}"
EndProject
Project("{9A19103F-16F7-4668-BE54-9A1E7A4F7556}") = "Heroes.Icons.Parser.Tests", "tests\Heroes.Icons.Parser.Tests\Heroes.Icons.Parser.Tests.csproj", "{929DF1ED-4332-4E50-8DB0-25828AF42055}"
EndProject
Global
	GlobalSection(SolutionConfigurationPlatforms) = preSolution
		Debug|Any CPU = Debug|Any CPU
		Release|Any CPU = Release|Any CPU
	EndGlobalSection
	GlobalSection(ProjectConfigurationPlatforms) = postSolution
		{3BBF6056-07FF-4DCE-99FE-8BC29CC714E3}.Debug|Any CPU.ActiveCfg = Debug|Any CPU
		{3BBF6056-07FF-4DCE-99FE-8BC29CC714E3}.Debug|Any CPU.Build.0 = Debug|Any CPU
		{3BBF6056-07FF-4DCE-99FE-8BC29CC714E3}.Release|Any CPU.ActiveCfg = Release|Any CPU
		{3BBF6056-07FF-4DCE-99FE-8BC29CC714E3}.Release|Any CPU.Build.0 = Release|Any CPU
		{A341E0A2-9DFE-4FD8-BD5A-0D903D8A67B6}.Debug|Any CPU.ActiveCfg = Debug|Any CPU
		{A341E0A2-9DFE-4FD8-BD5A-0D903D8A67B6}.Debug|Any CPU.Build.0 = Debug|Any CPU
		{A341E0A2-9DFE-4FD8-BD5A-0D903D8A67B6}.Release|Any CPU.ActiveCfg = Release|Any CPU
		{A341E0A2-9DFE-4FD8-BD5A-0D903D8A67B6}.Release|Any CPU.Build.0 = Release|Any CPU
		{1A2B9425-0301-47F5-A32D-F0FB84EF7E07}.Debug|Any CPU.ActiveCfg = Debug|Any CPU
		{1A2B9425-0301-47F5-A32D-F0FB84EF7E07}.Debug|Any CPU.Build.0 = Debug|Any CPU
		{1A2B9425-0301-47F5-A32D-F0FB84EF7E07}.Release|Any CPU.ActiveCfg = Release|Any CPU
		{1A2B9425-0301-47F5-A32D-F0FB84EF7E07}.Release|Any CPU.Build.0 = Release|Any CPU
		{929DF1ED-4332-4E50-8DB0-25828AF42055}.Debug|Any CPU.ActiveCfg = Debug|Any CPU
		{929DF1ED-4332-4E50-8DB0-25828AF42055}.Debug|Any CPU.Build.0 = Debug|Any CPU
		{929DF1ED-4332-4E50-8DB0-25828AF42055}.Release|Any CPU.ActiveCfg = Release|Any CPU
		{929DF1ED-4332-4E50-8DB0-25828AF42055}.Release|Any CPU.Build.0 = Release|Any CPU
	EndGlobalSection
	GlobalSection(SolutionProperties) = preSolution
		HideSolutionNode = FALSE
	EndGlobalSection
	GlobalSection(NestedProjects) = preSolution
		{929DF1ED-4332-4E50-8DB0-25828AF42055} = {344D38AE-FCDC-45D8-84B3-B7AC075EB76B}
	EndGlobalSection
	GlobalSection(ExtensibilityGlobals) = postSolution
		SolutionGuid = {B6BC537F-9CC6-441B-AE64-F0EFF0A467C5}
	EndGlobalSection
EndGlobal
