
Microsoft Visual Studio Solution File, Format Version 12.00
# Visual Studio 15
VisualStudioVersion = 15.0.27428.2005
MinimumVisualStudioVersion = 10.0.40219.1
Project("{2150E333-8FDC-42A3-9474-1A3956D46DE8}") = "tests", "tests", "{344D38AE-FCDC-45D8-84B3-B7AC075EB76B}"
EndProject
Project("{9A19103F-16F7-4668-BE54-9A1E7A4F7556}") = "HeroesData.FileWriter", "HeroesData.Writer\HeroesData.FileWriter.csproj", "{85556F4B-8A67-4DA5-A927-EC5BFFF3B59A}"
EndProject
Project("{9A19103F-16F7-4668-BE54-9A1E7A4F7556}") = "HeroesData.Parser", "HeroesData.Parser\HeroesData.Parser.csproj", "{49F3CEE8-458B-4C07-BAB4-065F4770D198}"
EndProject
Project("{9A19103F-16F7-4668-BE54-9A1E7A4F7556}") = "HeroesData.Parser.Tests", "tests\HeroesData.Parser.Tests\HeroesData.Parser.Tests.csproj", "{77E3C9BB-6AD5-4AF4-8571-AC84A9261191}"
EndProject
Project("{9A19103F-16F7-4668-BE54-9A1E7A4F7556}") = "HeroesData", "HeroesData\HeroesData.csproj", "{E8EEFFBF-6529-4EDC-8E28-92BE0A17687F}"
EndProject
Project("{9A19103F-16F7-4668-BE54-9A1E7A4F7556}") = "CascLibCore", "CASCExplorer\CascLibCore\CascLibCore.csproj", "{45D3C6CD-6F30-4C90-BC26-AFFE2DC99E4B}"
EndProject
Project("{9A19103F-16F7-4668-BE54-9A1E7A4F7556}") = "HeroesData.FileWriter.Tests", "tests\HeroesData.FileWriter.Tests\HeroesData.FileWriter.Tests.csproj", "{71D38A71-AB19-468A-8F19-F7949D8F908D}"
EndProject
Global
	GlobalSection(SolutionConfigurationPlatforms) = preSolution
		Debug|Any CPU = Debug|Any CPU
		Debug|x64 = Debug|x64
		Release|Any CPU = Release|Any CPU
		Release|x64 = Release|x64
	EndGlobalSection
	GlobalSection(ProjectConfigurationPlatforms) = postSolution
		{85556F4B-8A67-4DA5-A927-EC5BFFF3B59A}.Debug|Any CPU.ActiveCfg = Debug|Any CPU
		{85556F4B-8A67-4DA5-A927-EC5BFFF3B59A}.Debug|Any CPU.Build.0 = Debug|Any CPU
		{85556F4B-8A67-4DA5-A927-EC5BFFF3B59A}.Debug|x64.ActiveCfg = Debug|x64
		{85556F4B-8A67-4DA5-A927-EC5BFFF3B59A}.Debug|x64.Build.0 = Debug|x64
		{85556F4B-8A67-4DA5-A927-EC5BFFF3B59A}.Release|Any CPU.ActiveCfg = Release|Any CPU
		{85556F4B-8A67-4DA5-A927-EC5BFFF3B59A}.Release|Any CPU.Build.0 = Release|Any CPU
		{85556F4B-8A67-4DA5-A927-EC5BFFF3B59A}.Release|x64.ActiveCfg = Release|x64
		{85556F4B-8A67-4DA5-A927-EC5BFFF3B59A}.Release|x64.Build.0 = Release|x64
		{49F3CEE8-458B-4C07-BAB4-065F4770D198}.Debug|Any CPU.ActiveCfg = Debug|Any CPU
		{49F3CEE8-458B-4C07-BAB4-065F4770D198}.Debug|Any CPU.Build.0 = Debug|Any CPU
		{49F3CEE8-458B-4C07-BAB4-065F4770D198}.Debug|x64.ActiveCfg = Debug|x64
		{49F3CEE8-458B-4C07-BAB4-065F4770D198}.Debug|x64.Build.0 = Debug|x64
		{49F3CEE8-458B-4C07-BAB4-065F4770D198}.Release|Any CPU.ActiveCfg = Release|Any CPU
		{49F3CEE8-458B-4C07-BAB4-065F4770D198}.Release|Any CPU.Build.0 = Release|Any CPU
		{49F3CEE8-458B-4C07-BAB4-065F4770D198}.Release|x64.ActiveCfg = Release|x64
		{49F3CEE8-458B-4C07-BAB4-065F4770D198}.Release|x64.Build.0 = Release|x64
		{77E3C9BB-6AD5-4AF4-8571-AC84A9261191}.Debug|Any CPU.ActiveCfg = Debug|Any CPU
		{77E3C9BB-6AD5-4AF4-8571-AC84A9261191}.Debug|Any CPU.Build.0 = Debug|Any CPU
		{77E3C9BB-6AD5-4AF4-8571-AC84A9261191}.Debug|x64.ActiveCfg = Debug|x64
		{77E3C9BB-6AD5-4AF4-8571-AC84A9261191}.Debug|x64.Build.0 = Debug|x64
		{77E3C9BB-6AD5-4AF4-8571-AC84A9261191}.Release|Any CPU.ActiveCfg = Release|Any CPU
		{77E3C9BB-6AD5-4AF4-8571-AC84A9261191}.Release|Any CPU.Build.0 = Release|Any CPU
		{77E3C9BB-6AD5-4AF4-8571-AC84A9261191}.Release|x64.ActiveCfg = Release|x64
		{77E3C9BB-6AD5-4AF4-8571-AC84A9261191}.Release|x64.Build.0 = Release|x64
		{E8EEFFBF-6529-4EDC-8E28-92BE0A17687F}.Debug|Any CPU.ActiveCfg = Debug|Any CPU
		{E8EEFFBF-6529-4EDC-8E28-92BE0A17687F}.Debug|Any CPU.Build.0 = Debug|Any CPU
		{E8EEFFBF-6529-4EDC-8E28-92BE0A17687F}.Debug|x64.ActiveCfg = Debug|x64
		{E8EEFFBF-6529-4EDC-8E28-92BE0A17687F}.Debug|x64.Build.0 = Debug|x64
		{E8EEFFBF-6529-4EDC-8E28-92BE0A17687F}.Release|Any CPU.ActiveCfg = Release|Any CPU
		{E8EEFFBF-6529-4EDC-8E28-92BE0A17687F}.Release|Any CPU.Build.0 = Release|Any CPU
		{E8EEFFBF-6529-4EDC-8E28-92BE0A17687F}.Release|x64.ActiveCfg = Release|x64
		{E8EEFFBF-6529-4EDC-8E28-92BE0A17687F}.Release|x64.Build.0 = Release|x64
		{45D3C6CD-6F30-4C90-BC26-AFFE2DC99E4B}.Debug|Any CPU.ActiveCfg = Debug|Any CPU
		{45D3C6CD-6F30-4C90-BC26-AFFE2DC99E4B}.Debug|Any CPU.Build.0 = Debug|Any CPU
		{45D3C6CD-6F30-4C90-BC26-AFFE2DC99E4B}.Debug|x64.ActiveCfg = Debug|Any CPU
		{45D3C6CD-6F30-4C90-BC26-AFFE2DC99E4B}.Debug|x64.Build.0 = Debug|Any CPU
		{45D3C6CD-6F30-4C90-BC26-AFFE2DC99E4B}.Release|Any CPU.ActiveCfg = Release|Any CPU
		{45D3C6CD-6F30-4C90-BC26-AFFE2DC99E4B}.Release|Any CPU.Build.0 = Release|Any CPU
		{45D3C6CD-6F30-4C90-BC26-AFFE2DC99E4B}.Release|x64.ActiveCfg = Release|Any CPU
		{45D3C6CD-6F30-4C90-BC26-AFFE2DC99E4B}.Release|x64.Build.0 = Release|Any CPU
		{71D38A71-AB19-468A-8F19-F7949D8F908D}.Debug|Any CPU.ActiveCfg = Debug|Any CPU
		{71D38A71-AB19-468A-8F19-F7949D8F908D}.Debug|Any CPU.Build.0 = Debug|Any CPU
		{71D38A71-AB19-468A-8F19-F7949D8F908D}.Debug|x64.ActiveCfg = Debug|x64
		{71D38A71-AB19-468A-8F19-F7949D8F908D}.Debug|x64.Build.0 = Debug|x64
		{71D38A71-AB19-468A-8F19-F7949D8F908D}.Release|Any CPU.ActiveCfg = Release|Any CPU
		{71D38A71-AB19-468A-8F19-F7949D8F908D}.Release|Any CPU.Build.0 = Release|Any CPU
		{71D38A71-AB19-468A-8F19-F7949D8F908D}.Release|x64.ActiveCfg = Release|x64
		{71D38A71-AB19-468A-8F19-F7949D8F908D}.Release|x64.Build.0 = Release|x64
	EndGlobalSection
	GlobalSection(SolutionProperties) = preSolution
		HideSolutionNode = FALSE
	EndGlobalSection
	GlobalSection(NestedProjects) = preSolution
		{77E3C9BB-6AD5-4AF4-8571-AC84A9261191} = {344D38AE-FCDC-45D8-84B3-B7AC075EB76B}
		{71D38A71-AB19-468A-8F19-F7949D8F908D} = {344D38AE-FCDC-45D8-84B3-B7AC075EB76B}
	EndGlobalSection
	GlobalSection(ExtensibilityGlobals) = postSolution
		SolutionGuid = {B6BC537F-9CC6-441B-AE64-F0EFF0A467C5}
	EndGlobalSection
EndGlobal
